
Microsoft Visual Studio Solution File, Format Version 12.00
# Visual Studio Version 17
VisualStudioVersion = 17.0.32112.339
MinimumVisualStudioVersion = 10.0.40219.1
Project("{FAE04EC0-301F-11D3-BF4B-00C04F79EFBC}") = "Kryptering", "Kryptering\Kryptering.csproj", "{F8AFB61A-8763-4E84-A868-C6DE0E48312E}"
EndProject
Global
	GlobalSection(SolutionConfigurationPlatforms) = preSolution
		Debug|Any CPU = Debug|Any CPU
		Release|Any CPU = Release|Any CPU
	EndGlobalSection
	GlobalSection(ProjectConfigurationPlatforms) = postSolution
		{F8AFB61A-8763-4E84-A868-C6DE0E48312E}.Debug|Any CPU.ActiveCfg = Debug|Any CPU
		{F8AFB61A-8763-4E84-A868-C6DE0E48312E}.Debug|Any CPU.Build.0 = Debug|Any CPU
		{F8AFB61A-8763-4E84-A868-C6DE0E48312E}.Release|Any CPU.ActiveCfg = Release|Any CPU
		{F8AFB61A-8763-4E84-A868-C6DE0E48312E}.Release|Any CPU.Build.0 = Release|Any CPU
	EndGlobalSection
	GlobalSection(SolutionProperties) = preSolution
		HideSolutionNode = FALSE
	EndGlobalSection
	GlobalSection(ExtensibilityGlobals) = postSolution
		SolutionGuid = {66432924-8811-4EDC-9BD9-6C468CBB2451}
	EndGlobalSection
EndGlobal
